{
    "_readme": [
        "This file locks the dependencies of your project to a known state",
        "Read more about it at https://getcomposer.org/doc/01-basic-usage.md#composer-lock-the-lock-file",
        "This file is @generated automatically"
    ],
    "hash": "042f987c32553e4b8471559e3a242955",
    "content-hash": "2d987e8638fa72e26ead926776aea7d0",
    "packages": [
        {
            "name": "container-interop/container-interop",
            "version": "1.1.0",
            "source": {
                "type": "git",
                "url": "https://github.com/container-interop/container-interop.git",
                "reference": "fc08354828f8fd3245f77a66b9e23a6bca48297e"
            },
            "dist": {
                "type": "zip",
                "url": "https://api.github.com/repos/container-interop/container-interop/zipball/fc08354828f8fd3245f77a66b9e23a6bca48297e",
                "reference": "fc08354828f8fd3245f77a66b9e23a6bca48297e",
                "shasum": ""
            },
            "type": "library",
            "autoload": {
                "psr-4": {
                    "Interop\\Container\\": "src/Interop/Container/"
                }
            },
            "notification-url": "https://packagist.org/downloads/",
            "license": [
                "MIT"
            ],
            "description": "Promoting the interoperability of container objects (DIC, SL, etc.)",
            "time": "2014-12-30 15:22:37"
        },
        {
            "name": "doctrine/inflector",
            "version": "v1.1.0",
            "source": {
                "type": "git",
                "url": "https://github.com/doctrine/inflector.git",
                "reference": "90b2128806bfde671b6952ab8bea493942c1fdae"
            },
            "dist": {
                "type": "zip",
                "url": "https://api.github.com/repos/doctrine/inflector/zipball/90b2128806bfde671b6952ab8bea493942c1fdae",
                "reference": "90b2128806bfde671b6952ab8bea493942c1fdae",
                "shasum": ""
            },
            "require": {
                "php": ">=5.3.2"
            },
            "require-dev": {
                "phpunit/phpunit": "4.*"
            },
            "type": "library",
            "extra": {
                "branch-alias": {
                    "dev-master": "1.1.x-dev"
                }
            },
            "autoload": {
                "psr-0": {
                    "Doctrine\\Common\\Inflector\\": "lib/"
                }
            },
            "notification-url": "https://packagist.org/downloads/",
            "license": [
                "MIT"
            ],
            "authors": [
                {
                    "name": "Roman Borschel",
                    "email": "roman@code-factory.org"
                },
                {
                    "name": "Benjamin Eberlei",
                    "email": "kontakt@beberlei.de"
                },
                {
                    "name": "Guilherme Blanco",
                    "email": "guilhermeblanco@gmail.com"
                },
                {
                    "name": "Jonathan Wage",
                    "email": "jonwage@gmail.com"
                },
                {
                    "name": "Johannes Schmitt",
                    "email": "schmittjoh@gmail.com"
                }
            ],
            "description": "Common String Manipulations with regard to casing and singular/plural rules.",
            "homepage": "http://www.doctrine-project.org",
            "keywords": [
                "inflection",
                "pluralize",
                "singularize",
                "string"
            ],
            "time": "2015-11-06 14:35:42"
        },
        {
            "name": "illuminate/container",
            "version": "v5.2.7",
            "source": {
                "type": "git",
                "url": "https://github.com/illuminate/container.git",
                "reference": "afd2e874e034707c6bb9436f5a897ce29dce501a"
            },
            "dist": {
                "type": "zip",
                "url": "https://api.github.com/repos/illuminate/container/zipball/afd2e874e034707c6bb9436f5a897ce29dce501a",
                "reference": "afd2e874e034707c6bb9436f5a897ce29dce501a",
                "shasum": ""
            },
            "require": {
                "illuminate/contracts": "5.2.*",
                "php": ">=5.5.9"
            },
            "type": "library",
            "extra": {
                "branch-alias": {
                    "dev-master": "5.2-dev"
                }
            },
            "autoload": {
                "psr-4": {
                    "Illuminate\\Container\\": ""
                }
            },
            "notification-url": "https://packagist.org/downloads/",
            "license": [
                "MIT"
            ],
            "authors": [
                {
                    "name": "Taylor Otwell",
                    "email": "taylorotwell@gmail.com"
                }
            ],
            "description": "The Illuminate Container package.",
            "homepage": "http://laravel.com",
            "time": "2016-01-06 14:42:17"
        },
        {
            "name": "illuminate/contracts",
            "version": "v5.2.7",
            "source": {
                "type": "git",
                "url": "https://github.com/illuminate/contracts.git",
                "reference": "51b3acf96a12f5a10d767d5f2a534fed6f304235"
            },
            "dist": {
                "type": "zip",
                "url": "https://api.github.com/repos/illuminate/contracts/zipball/51b3acf96a12f5a10d767d5f2a534fed6f304235",
                "reference": "51b3acf96a12f5a10d767d5f2a534fed6f304235",
                "shasum": ""
            },
            "require": {
                "php": ">=5.5.9"
            },
            "type": "library",
            "extra": {
                "branch-alias": {
                    "dev-master": "5.2-dev"
                }
            },
            "autoload": {
                "psr-4": {
                    "Illuminate\\Contracts\\": ""
                }
            },
            "notification-url": "https://packagist.org/downloads/",
            "license": [
                "MIT"
            ],
            "authors": [
                {
                    "name": "Taylor Otwell",
                    "email": "taylorotwell@gmail.com"
                }
            ],
            "description": "The Illuminate Contracts package.",
            "homepage": "http://laravel.com",
            "time": "2015-12-19 14:25:38"
        },
        {
            "name": "illuminate/database",
            "version": "v5.2.7",
            "source": {
                "type": "git",
                "url": "https://github.com/illuminate/database.git",
                "reference": "7072548f8a2933230e7f3e7199b78496fda964b5"
            },
            "dist": {
                "type": "zip",
                "url": "https://api.github.com/repos/illuminate/database/zipball/7072548f8a2933230e7f3e7199b78496fda964b5",
                "reference": "7072548f8a2933230e7f3e7199b78496fda964b5",
                "shasum": ""
            },
            "require": {
                "illuminate/container": "5.2.*",
                "illuminate/contracts": "5.2.*",
                "illuminate/support": "5.2.*",
                "nesbot/carbon": "~1.20",
                "php": ">=5.5.9"
            },
            "suggest": {
                "doctrine/dbal": "Required to rename columns and drop SQLite columns (~2.4).",
                "fzaninotto/faker": "Required to use the eloquent factory builder (~1.4).",
                "illuminate/console": "Required to use the database commands (5.2.*).",
                "illuminate/events": "Required to use the observers with Eloquent (5.2.*).",
                "illuminate/filesystem": "Required to use the migrations (5.2.*).",
                "illuminate/pagination": "Required to paginate the result set (5.2.*)."
            },
            "type": "library",
            "extra": {
                "branch-alias": {
                    "dev-master": "5.2-dev"
                }
            },
            "autoload": {
                "psr-4": {
                    "Illuminate\\Database\\": ""
                }
            },
            "notification-url": "https://packagist.org/downloads/",
            "license": [
                "MIT"
            ],
            "authors": [
                {
                    "name": "Taylor Otwell",
                    "email": "taylorotwell@gmail.com"
                }
            ],
            "description": "The Illuminate Database package.",
            "homepage": "http://laravel.com",
            "keywords": [
                "database",
                "laravel",
                "orm",
                "sql"
            ],
            "time": "2016-01-06 16:20:30"
        },
        {
            "name": "illuminate/support",
            "version": "v5.2.7",
            "source": {
                "type": "git",
                "url": "https://github.com/illuminate/support.git",
                "reference": "6d8dec02825299b0ad47712564e9d33104e148c4"
            },
            "dist": {
                "type": "zip",
                "url": "https://api.github.com/repos/illuminate/support/zipball/6d8dec02825299b0ad47712564e9d33104e148c4",
                "reference": "6d8dec02825299b0ad47712564e9d33104e148c4",
                "shasum": ""
            },
            "require": {
                "doctrine/inflector": "~1.0",
                "ext-mbstring": "*",
                "illuminate/contracts": "5.2.*",
                "php": ">=5.5.9"
            },
            "suggest": {
                "illuminate/filesystem": "Required to use the composer class (5.2.*).",
                "jeremeamia/superclosure": "Required to be able to serialize closures (~2.2).",
                "paragonie/random_compat": "Provides a compatible interface like PHP7's random_bytes() in PHP 5 projects (~1.1).",
                "symfony/polyfill-php56": "Required to use the hash_equals function on PHP 5.5 (~1.0).",
                "symfony/process": "Required to use the composer class (2.8.*|3.0.*).",
                "symfony/var-dumper": "Improves the dd function (2.8.*|3.0.*)."
            },
            "type": "library",
            "extra": {
                "branch-alias": {
                    "dev-master": "5.2-dev"
                }
            },
            "autoload": {
                "psr-4": {
                    "Illuminate\\Support\\": ""
                },
                "files": [
                    "helpers.php"
                ]
            },
            "notification-url": "https://packagist.org/downloads/",
            "license": [
                "MIT"
            ],
            "authors": [
                {
                    "name": "Taylor Otwell",
                    "email": "taylorotwell@gmail.com"
                }
            ],
            "description": "The Illuminate Support package.",
            "homepage": "http://laravel.com",
            "time": "2016-01-07 11:02:28"
        },
        {
            "name": "nesbot/carbon",
            "version": "1.21.0",
            "source": {
                "type": "git",
                "url": "https://github.com/briannesbitt/Carbon.git",
                "reference": "7b08ec6f75791e130012f206e3f7b0e76e18e3d7"
            },
            "dist": {
                "type": "zip",
                "url": "https://api.github.com/repos/briannesbitt/Carbon/zipball/7b08ec6f75791e130012f206e3f7b0e76e18e3d7",
                "reference": "7b08ec6f75791e130012f206e3f7b0e76e18e3d7",
                "shasum": ""
            },
            "require": {
                "php": ">=5.3.0",
                "symfony/translation": "~2.6|~3.0"
            },
            "require-dev": {
                "phpunit/phpunit": "~4.0|~5.0"
            },
            "type": "library",
            "autoload": {
                "psr-4": {
                    "Carbon\\": "src/Carbon/"
                }
            },
            "notification-url": "https://packagist.org/downloads/",
            "license": [
                "MIT"
            ],
            "authors": [
                {
                    "name": "Brian Nesbitt",
                    "email": "brian@nesbot.com",
                    "homepage": "http://nesbot.com"
                }
            ],
            "description": "A simple API extension for DateTime.",
            "homepage": "http://carbon.nesbot.com",
            "keywords": [
                "date",
                "datetime",
                "time"
            ],
            "time": "2015-11-04 20:07:17"
        },
        {
            "name": "nikic/fast-route",
            "version": "v0.6.0",
            "source": {
                "type": "git",
                "url": "https://github.com/nikic/FastRoute.git",
                "reference": "31fa86924556b80735f98b294a7ffdfb26789f22"
            },
            "dist": {
                "type": "zip",
                "url": "https://api.github.com/repos/nikic/FastRoute/zipball/31fa86924556b80735f98b294a7ffdfb26789f22",
                "reference": "31fa86924556b80735f98b294a7ffdfb26789f22",
                "shasum": ""
            },
            "require": {
                "php": ">=5.4.0"
            },
            "type": "library",
            "autoload": {
                "psr-4": {
                    "FastRoute\\": "src/"
                },
                "files": [
                    "src/functions.php"
                ]
            },
            "notification-url": "https://packagist.org/downloads/",
            "license": [
                "BSD-3-Clause"
            ],
            "authors": [
                {
                    "name": "Nikita Popov",
                    "email": "nikic@php.net"
                }
            ],
            "description": "Fast request router for PHP",
            "keywords": [
                "router",
                "routing"
            ],
            "time": "2015-06-18 19:15:47"
        },
        {
            "name": "pimple/pimple",
            "version": "v3.0.2",
            "source": {
                "type": "git",
                "url": "https://github.com/silexphp/Pimple.git",
                "reference": "a30f7d6e57565a2e1a316e1baf2a483f788b258a"
            },
            "dist": {
                "type": "zip",
                "url": "https://api.github.com/repos/silexphp/Pimple/zipball/a30f7d6e57565a2e1a316e1baf2a483f788b258a",
                "reference": "a30f7d6e57565a2e1a316e1baf2a483f788b258a",
                "shasum": ""
            },
            "require": {
                "php": ">=5.3.0"
            },
            "type": "library",
            "extra": {
                "branch-alias": {
                    "dev-master": "3.0.x-dev"
                }
            },
            "autoload": {
                "psr-0": {
                    "Pimple": "src/"
                }
            },
            "notification-url": "https://packagist.org/downloads/",
            "license": [
                "MIT"
            ],
            "authors": [
                {
                    "name": "Fabien Potencier",
                    "email": "fabien@symfony.com"
                }
            ],
            "description": "Pimple, a simple Dependency Injection Container",
            "homepage": "http://pimple.sensiolabs.org",
            "keywords": [
                "container",
                "dependency injection"
            ],
            "time": "2015-09-11 15:10:35"
        },
        {
            "name": "psr/http-message",
            "version": "1.0",
            "source": {
                "type": "git",
                "url": "https://github.com/php-fig/http-message.git",
                "reference": "85d63699f0dbedb190bbd4b0d2b9dc707ea4c298"
            },
            "dist": {
                "type": "zip",
                "url": "https://api.github.com/repos/php-fig/http-message/zipball/85d63699f0dbedb190bbd4b0d2b9dc707ea4c298",
                "reference": "85d63699f0dbedb190bbd4b0d2b9dc707ea4c298",
                "shasum": ""
            },
            "require": {
                "php": ">=5.3.0"
            },
            "type": "library",
            "extra": {
                "branch-alias": {
                    "dev-master": "1.0.x-dev"
                }
            },
            "autoload": {
                "psr-4": {
                    "Psr\\Http\\Message\\": "src/"
                }
            },
            "notification-url": "https://packagist.org/downloads/",
            "license": [
                "MIT"
            ],
            "authors": [
                {
                    "name": "PHP-FIG",
                    "homepage": "http://www.php-fig.org/"
                }
            ],
            "description": "Common interface for HTTP messages",
            "keywords": [
                "http",
                "http-message",
                "psr",
                "psr-7",
                "request",
                "response"
            ],
            "time": "2015-05-04 20:22:00"
        },
        {
            "name": "robmorgan/phinx",
            "version": "v0.5.1",
            "source": {
                "type": "git",
                "url": "https://github.com/robmorgan/phinx.git",
                "reference": "9e41ae609670645546e08e3907a68b3b8fb60f31"
            },
            "dist": {
                "type": "zip",
                "url": "https://api.github.com/repos/robmorgan/phinx/zipball/9e41ae609670645546e08e3907a68b3b8fb60f31",
                "reference": "9e41ae609670645546e08e3907a68b3b8fb60f31",
                "shasum": ""
            },
            "require": {
                "php": ">=5.4",
                "symfony/config": "~2.8|~3.0",
                "symfony/console": "~2.8|~3.0",
                "symfony/yaml": "~2.8|~3.0"
            },
            "require-dev": {
                "phpunit/phpunit": "^3.7|^4.0|^5.0"
            },
            "bin": [
                "bin/phinx"
            ],
            "type": "library",
            "autoload": {
                "psr-4": {
                    "Phinx\\": "src/Phinx"
                }
            },
            "notification-url": "https://packagist.org/downloads/",
            "license": [
                "MIT"
            ],
            "authors": [
                {
                    "name": "Rob Morgan",
                    "email": "robbym@gmail.com",
                    "homepage": "http://robmorgan.id.au",
                    "role": "Lead Developer"
                },
                {
                    "name": "Woody Gilk",
                    "email": "woody.gilk@gmail.com",
                    "homepage": "http://shadowhand.me",
                    "role": "Developer"
                }
            ],
            "description": "Phinx makes it ridiculously easy to manage the database migrations for your PHP app.",
            "homepage": "https://phinx.org",
            "keywords": [
                "database",
                "database migrations",
                "db",
                "migrations",
                "phinx"
            ],
            "time": "2015-12-30 21:16:52"
        },
        {
            "name": "slim/slim",
            "version": "3.1.0",
            "source": {
                "type": "git",
                "url": "https://github.com/slimphp/Slim.git",
                "reference": "03b44a4b41896ba42c78bbd5fa172cd79e650496"
            },
            "dist": {
                "type": "zip",
                "url": "https://api.github.com/repos/slimphp/Slim/zipball/03b44a4b41896ba42c78bbd5fa172cd79e650496",
                "reference": "03b44a4b41896ba42c78bbd5fa172cd79e650496",
                "shasum": ""
            },
            "require": {
                "container-interop/container-interop": "^1.1",
                "nikic/fast-route": "^0.6",
                "php": ">=5.5.0",
                "pimple/pimple": "^3.0",
                "psr/http-message": "^1.0"
            },
            "require-dev": {
                "phpunit/phpunit": "^4.0",
                "squizlabs/php_codesniffer": "^2.5"
            },
            "type": "library",
            "autoload": {
                "psr-4": {
                    "Slim\\": "Slim"
                }
            },
            "notification-url": "https://packagist.org/downloads/",
            "license": [
                "MIT"
            ],
            "authors": [
                {
                    "name": "Rob Allen",
                    "email": "rob@akrabat.com",
                    "homepage": "http://akrabat.com"
                },
                {
                    "name": "Josh Lockhart",
                    "email": "hello@joshlockhart.com",
                    "homepage": "https://joshlockhart.com"
                },
                {
                    "name": "Gabriel Manricks",
                    "email": "gmanricks@me.com",
                    "homepage": "http://gabrielmanricks.com"
                },
                {
                    "name": "Andrew Smith",
                    "email": "a.smith@silentworks.co.uk",
                    "homepage": "http://silentworks.co.uk"
                }
            ],
            "description": "Slim is a PHP micro framework that helps you quickly write simple yet powerful web applications and APIs",
            "homepage": "http://slimframework.com",
            "keywords": [
                "api",
                "framework",
                "micro",
                "router"
            ],
            "time": "2016-01-08 15:37:50"
        },
        {
            "name": "symfony/config",
            "version": "v3.0.1",
            "source": {
                "type": "git",
                "url": "https://github.com/symfony/config.git",
                "reference": "58680a6516a457a6c65044fe33586c4a81fdff01"
            },
            "dist": {
                "type": "zip",
                "url": "https://api.github.com/repos/symfony/config/zipball/58680a6516a457a6c65044fe33586c4a81fdff01",
                "reference": "58680a6516a457a6c65044fe33586c4a81fdff01",
                "shasum": ""
            },
            "require": {
                "php": ">=5.5.9",
                "symfony/filesystem": "~2.8|~3.0"
            },
            "type": "library",
            "extra": {
                "branch-alias": {
                    "dev-master": "3.0-dev"
                }
            },
            "autoload": {
                "psr-4": {
                    "Symfony\\Component\\Config\\": ""
                },
                "exclude-from-classmap": [
                    "/Tests/"
                ]
            },
            "notification-url": "https://packagist.org/downloads/",
            "license": [
                "MIT"
            ],
            "authors": [
                {
                    "name": "Fabien Potencier",
                    "email": "fabien@symfony.com"
                },
                {
                    "name": "Symfony Community",
                    "homepage": "https://symfony.com/contributors"
                }
            ],
            "description": "Symfony Config Component",
            "homepage": "https://symfony.com",
            "time": "2015-12-26 13:39:53"
        },
        {
            "name": "symfony/console",
            "version": "v3.0.1",
            "source": {
                "type": "git",
                "url": "https://github.com/symfony/console.git",
                "reference": "ebcdc507829df915f4ca23067bd59ee4ef61f6c3"
            },
            "dist": {
                "type": "zip",
                "url": "https://api.github.com/repos/symfony/console/zipball/ebcdc507829df915f4ca23067bd59ee4ef61f6c3",
                "reference": "ebcdc507829df915f4ca23067bd59ee4ef61f6c3",
                "shasum": ""
            },
            "require": {
                "php": ">=5.5.9",
                "symfony/polyfill-mbstring": "~1.0"
            },
            "require-dev": {
                "psr/log": "~1.0",
                "symfony/event-dispatcher": "~2.8|~3.0",
                "symfony/process": "~2.8|~3.0"
            },
            "suggest": {
                "psr/log": "For using the console logger",
                "symfony/event-dispatcher": "",
                "symfony/process": ""
            },
            "type": "library",
            "extra": {
                "branch-alias": {
                    "dev-master": "3.0-dev"
                }
            },
            "autoload": {
                "psr-4": {
                    "Symfony\\Component\\Console\\": ""
                },
                "exclude-from-classmap": [
                    "/Tests/"
                ]
            },
            "notification-url": "https://packagist.org/downloads/",
            "license": [
                "MIT"
            ],
            "authors": [
                {
                    "name": "Fabien Potencier",
                    "email": "fabien@symfony.com"
                },
                {
                    "name": "Symfony Community",
                    "homepage": "https://symfony.com/contributors"
                }
            ],
            "description": "Symfony Console Component",
            "homepage": "https://symfony.com",
            "time": "2015-12-22 10:39:06"
        },
        {
            "name": "symfony/filesystem",
            "version": "v3.0.1",
            "source": {
                "type": "git",
                "url": "https://github.com/symfony/filesystem.git",
                "reference": "c2e59d11dccd135dc8f00ee97f34fe1de842e70c"
            },
            "dist": {
                "type": "zip",
                "url": "https://api.github.com/repos/symfony/filesystem/zipball/c2e59d11dccd135dc8f00ee97f34fe1de842e70c",
                "reference": "c2e59d11dccd135dc8f00ee97f34fe1de842e70c",
                "shasum": ""
            },
            "require": {
                "php": ">=5.5.9"
            },
            "type": "library",
            "extra": {
                "branch-alias": {
                    "dev-master": "3.0-dev"
                }
            },
            "autoload": {
                "psr-4": {
                    "Symfony\\Component\\Filesystem\\": ""
                },
                "exclude-from-classmap": [
                    "/Tests/"
                ]
            },
            "notification-url": "https://packagist.org/downloads/",
            "license": [
                "MIT"
            ],
            "authors": [
                {
                    "name": "Fabien Potencier",
                    "email": "fabien@symfony.com"
                },
                {
                    "name": "Symfony Community",
                    "homepage": "https://symfony.com/contributors"
                }
            ],
            "description": "Symfony Filesystem Component",
            "homepage": "https://symfony.com",
            "time": "2015-12-22 10:39:06"
        },
        {
            "name": "symfony/polyfill-mbstring",
            "version": "v1.0.1",
            "source": {
                "type": "git",
                "url": "https://github.com/symfony/polyfill-mbstring.git",
                "reference": "49ff736bd5d41f45240cec77b44967d76e0c3d25"
            },
            "dist": {
                "type": "zip",
                "url": "https://api.github.com/repos/symfony/polyfill-mbstring/zipball/49ff736bd5d41f45240cec77b44967d76e0c3d25",
                "reference": "49ff736bd5d41f45240cec77b44967d76e0c3d25",
                "shasum": ""
            },
            "require": {
                "php": ">=5.3.3"
            },
            "suggest": {
                "ext-mbstring": "For best performance"
            },
            "type": "library",
            "extra": {
                "branch-alias": {
                    "dev-master": "1.0-dev"
                }
            },
            "autoload": {
                "psr-4": {
                    "Symfony\\Polyfill\\Mbstring\\": ""
                },
                "files": [
                    "bootstrap.php"
                ]
            },
            "notification-url": "https://packagist.org/downloads/",
            "license": [
                "MIT"
            ],
            "authors": [
                {
                    "name": "Nicolas Grekas",
                    "email": "p@tchwork.com"
                },
                {
                    "name": "Symfony Community",
                    "homepage": "https://symfony.com/contributors"
                }
            ],
            "description": "Symfony polyfill for the Mbstring extension",
            "homepage": "https://symfony.com",
            "keywords": [
                "compatibility",
                "mbstring",
                "polyfill",
                "portable",
                "shim"
            ],
            "time": "2015-11-20 09:19:13"
        },
        {
            "name": "symfony/translation",
            "version": "v3.0.1",
            "source": {
                "type": "git",
                "url": "https://github.com/symfony/translation.git",
                "reference": "dff0867826a7068d673801b7522f8e2634016ef9"
            },
            "dist": {
                "type": "zip",
                "url": "https://api.github.com/repos/symfony/translation/zipball/dff0867826a7068d673801b7522f8e2634016ef9",
                "reference": "dff0867826a7068d673801b7522f8e2634016ef9",
                "shasum": ""
            },
            "require": {
                "php": ">=5.5.9",
                "symfony/polyfill-mbstring": "~1.0"
            },
            "conflict": {
                "symfony/config": "<2.8"
            },
            "require-dev": {
                "psr/log": "~1.0",
                "symfony/config": "~2.8|~3.0",
                "symfony/intl": "~2.8|~3.0",
                "symfony/yaml": "~2.8|~3.0"
            },
            "suggest": {
                "psr/log": "To use logging capability in translator",
                "symfony/config": "",
                "symfony/yaml": ""
            },
            "type": "library",
            "extra": {
                "branch-alias": {
                    "dev-master": "3.0-dev"
                }
            },
            "autoload": {
                "psr-4": {
                    "Symfony\\Component\\Translation\\": ""
                },
                "exclude-from-classmap": [
                    "/Tests/"
                ]
            },
            "notification-url": "https://packagist.org/downloads/",
            "license": [
                "MIT"
            ],
            "authors": [
                {
                    "name": "Fabien Potencier",
                    "email": "fabien@symfony.com"
                },
                {
                    "name": "Symfony Community",
                    "homepage": "https://symfony.com/contributors"
                }
            ],
            "description": "Symfony Translation Component",
            "homepage": "https://symfony.com",
            "time": "2015-12-05 17:45:07"
        },
        {
            "name": "symfony/yaml",
            "version": "v3.0.1",
            "source": {
                "type": "git",
                "url": "https://github.com/symfony/yaml.git",
                "reference": "3df409958a646dad2bc5046c3fb671ee24a1a691"
            },
            "dist": {
                "type": "zip",
                "url": "https://api.github.com/repos/symfony/yaml/zipball/3df409958a646dad2bc5046c3fb671ee24a1a691",
                "reference": "3df409958a646dad2bc5046c3fb671ee24a1a691",
                "shasum": ""
            },
            "require": {
                "php": ">=5.5.9"
            },
            "type": "library",
            "extra": {
                "branch-alias": {
                    "dev-master": "3.0-dev"
                }
            },
            "autoload": {
                "psr-4": {
                    "Symfony\\Component\\Yaml\\": ""
                },
                "exclude-from-classmap": [
                    "/Tests/"
                ]
            },
            "notification-url": "https://packagist.org/downloads/",
            "license": [
                "MIT"
            ],
            "authors": [
                {
                    "name": "Fabien Potencier",
                    "email": "fabien@symfony.com"
                },
                {
                    "name": "Symfony Community",
                    "homepage": "https://symfony.com/contributors"
                }
            ],
            "description": "Symfony Yaml Component",
            "homepage": "https://symfony.com",
            "time": "2015-12-26 13:39:53"
        }
    ],
    "packages-dev": [],
    "aliases": [],
    "minimum-stability": "stable",
    "stability-flags": [],
    "prefer-stable": false,
    "prefer-lowest": false,
    "platform": [],
    "platform-dev": []
}
